
Microsoft Visual Studio Solution File, Format Version 12.00
# Visual Studio Version 17
VisualStudioVersion = 17.5.33627.172
MinimumVisualStudioVersion = 10.0.40219.1
Project("{FAE04EC0-301F-11D3-BF4B-00C04F79EFBC}") = "Projeto Aula DDD", "Projeto Aula DDD\Projeto Aula DDD.csproj", "{F546D469-C1C9-4DB2-9C22-9916E6F625C5}"
EndProject
Global
	GlobalSection(SolutionConfigurationPlatforms) = preSolution
		Debug|Any CPU = Debug|Any CPU
		Release|Any CPU = Release|Any CPU
	EndGlobalSection
	GlobalSection(ProjectConfigurationPlatforms) = postSolution
		{F546D469-C1C9-4DB2-9C22-9916E6F625C5}.Debug|Any CPU.ActiveCfg = Debug|Any CPU
		{F546D469-C1C9-4DB2-9C22-9916E6F625C5}.Debug|Any CPU.Build.0 = Debug|Any CPU
		{F546D469-C1C9-4DB2-9C22-9916E6F625C5}.Release|Any CPU.ActiveCfg = Release|Any CPU
		{F546D469-C1C9-4DB2-9C22-9916E6F625C5}.Release|Any CPU.Build.0 = Release|Any CPU
	EndGlobalSection
	GlobalSection(SolutionProperties) = preSolution
		HideSolutionNode = FALSE
	EndGlobalSection
	GlobalSection(ExtensibilityGlobals) = postSolution
		SolutionGuid = {59EFF892-3836-4628-8D43-8DF0D9C5E2F2}
	EndGlobalSection
EndGlobal
